
Microsoft Visual Studio Solution File, Format Version 12.00
# Visual Studio 15
VisualStudioVersion = 15.0.28307.1800
MinimumVisualStudioVersion = 10.0.40219.1
Project("{8BC9CEB8-8B4A-11D0-8D11-00A0C91BC942}") = "A16", "A16.vcxproj", "{04A7A047-A1AE-455B-8243-EC9A3ECDACFA}"
EndProject
Global
	GlobalSection(SolutionConfigurationPlatforms) = preSolution
		Debug|x64 = Debug|x64
		Debug|x86 = Debug|x86
		Release|x64 = Release|x64
		Release|x86 = Release|x86
	EndGlobalSection
	GlobalSection(ProjectConfigurationPlatforms) = postSolution
		{04A7A047-A1AE-455B-8243-EC9A3ECDACFA}.Debug|x64.ActiveCfg = Debug|x64
		{04A7A047-A1AE-455B-8243-EC9A3ECDACFA}.Debug|x64.Build.0 = Debug|x64
		{04A7A047-A1AE-455B-8243-EC9A3ECDACFA}.Debug|x86.ActiveCfg = Debug|Win32
		{04A7A047-A1AE-455B-8243-EC9A3ECDACFA}.Debug|x86.Build.0 = Debug|Win32
		{04A7A047-A1AE-455B-8243-EC9A3ECDACFA}.Release|x64.ActiveCfg = Release|x64
		{04A7A047-A1AE-455B-8243-EC9A3ECDACFA}.Release|x64.Build.0 = Release|x64
		{04A7A047-A1AE-455B-8243-EC9A3ECDACFA}.Release|x86.ActiveCfg = Release|Win32
		{04A7A047-A1AE-455B-8243-EC9A3ECDACFA}.Release|x86.Build.0 = Release|Win32
	EndGlobalSection
	GlobalSection(SolutionProperties) = preSolution
		HideSolutionNode = FALSE
	EndGlobalSection
	GlobalSection(ExtensibilityGlobals) = postSolution
		SolutionGuid = {042A78B6-E353-4683-B379-48AB37306C4E}
	EndGlobalSection
EndGlobal
